
Microsoft Visual Studio Solution File, Format Version 12.00
# Visual Studio 15
Project("{FAE04EC0-301F-11D3-BF4B-00C04F79EFBC}") = "Assembly-CSharp-Editor", "Assembly-CSharp-Editor.csproj", "{AD30175F-FD9A-DC75-7B5E-992EEB9E1404}"
EndProject
Project("{FAE04EC0-301F-11D3-BF4B-00C04F79EFBC}") = "Assembly-CSharp", "Assembly-CSharp.csproj", "{556AA7DE-937B-C726-CE16-3EC71C343C0E}"
EndProject
Global
	GlobalSection(SolutionConfigurationPlatforms) = preSolution
		Debug|Any CPU = Debug|Any CPU
		Release|Any CPU = Release|Any CPU
	EndGlobalSection
	GlobalSection(ProjectConfigurationPlatforms) = postSolution
		{AD30175F-FD9A-DC75-7B5E-992EEB9E1404}.Debug|Any CPU.ActiveCfg = Debug|Any CPU
		{AD30175F-FD9A-DC75-7B5E-992EEB9E1404}.Debug|Any CPU.Build.0 = Debug|Any CPU
		{AD30175F-FD9A-DC75-7B5E-992EEB9E1404}.Release|Any CPU.ActiveCfg = Release|Any CPU
		{AD30175F-FD9A-DC75-7B5E-992EEB9E1404}.Release|Any CPU.Build.0 = Release|Any CPU
		{556AA7DE-937B-C726-CE16-3EC71C343C0E}.Debug|Any CPU.ActiveCfg = Debug|Any CPU
		{556AA7DE-937B-C726-CE16-3EC71C343C0E}.Debug|Any CPU.Build.0 = Debug|Any CPU
		{556AA7DE-937B-C726-CE16-3EC71C343C0E}.Release|Any CPU.ActiveCfg = Release|Any CPU
		{556AA7DE-937B-C726-CE16-3EC71C343C0E}.Release|Any CPU.Build.0 = Release|Any CPU
	EndGlobalSection
	GlobalSection(SolutionProperties) = preSolution
		HideSolutionNode = FALSE
	EndGlobalSection
EndGlobal
